// !$*UTF8*$!
{
	archiveVersion = 1;
	classes = {
	};
	objectVersion = 42;
	objects = {

/* Begin PBXBuildFile section */
		23250E0211EA22A900755379 /* Tuner.c in Sources */ = {isa = PBXBuildFile; fileRef = 23250E0111EA22A900755379 /* Tuner.c */; };
		23250E0411EA22EA00755379 /* Carbon.framework in Frameworks */ = {isa = PBXBuildFile; fileRef = 23250E0311EA22EA00755379 /* Carbon.framework */; };
		23C6BF4011EA23D7006177F5 /* AudioUnit.framework in Frameworks */ = {isa = PBXBuildFile; fileRef = 23C6BF3F11EA23D7006177F5 /* AudioUnit.framework */; };
		23C6BF4411EA23EA006177F5 /* AudioToolbox.framework in Frameworks */ = {isa = PBXBuildFile; fileRef = 23C6BF4311EA23EA006177F5 /* AudioToolbox.framework */; };
/* End PBXBuildFile section */

/* Begin PBXFileReference section */
		23250E0111EA22A900755379 /* Tuner.c */ = {isa = PBXFileReference; fileEncoding = 30; lastKnownFileType = sourcecode.c.c; path = Tuner.c; sourceTree = "<group>"; };
		23250E0311EA22EA00755379 /* Carbon.framework */ = {isa = PBXFileReference; lastKnownFileType = wrapper.framework; name = Carbon.framework; path = /System/Library/Frameworks/Carbon.framework; sourceTree = "<absolute>"; };
		23C6BF3F11EA23D7006177F5 /* AudioUnit.framework */ = {isa = PBXFileReference; lastKnownFileType = wrapper.framework; name = AudioUnit.framework; path = /System/Library/Frameworks/AudioUnit.framework; sourceTree = "<absolute>"; };
		23C6BF4311EA23EA006177F5 /* AudioToolbox.framework */ = {isa = PBXFileReference; lastKnownFileType = wrapper.framework; name = AudioToolbox.framework; path = /System/Library/Frameworks/AudioToolbox.framework; sourceTree = "<absolute>"; };
		23EB88F511EA20820036F9F1 /* Tuner.app */ = {isa = PBXFileReference; explicitFileType = wrapper.application; includeInIndex = 0; path = Tuner.app; sourceTree = BUILT_PRODUCTS_DIR; };
		23EB88F811EA20820036F9F1 /* Info.plist */ = {isa = PBXFileReference; lastKnownFileType = text.xml; path = Info.plist; sourceTree = "<group>"; };
/* End PBXFileReference section */

/* Begin PBXFrameworksBuildPhase section */
		23EB88F311EA20820036F9F1 /* Frameworks */ = {
			isa = PBXFrameworksBuildPhase;
			buildActionMask = 2147483647;
			files = (
				23250E0411EA22EA00755379 /* Carbon.framework in Frameworks */,
				23C6BF4011EA23D7006177F5 /* AudioUnit.framework in Frameworks */,
				23C6BF4411EA23EA006177F5 /* AudioToolbox.framework in Frameworks */,
			);
			runOnlyForDeploymentPostprocessing = 0;
		};
/* End PBXFrameworksBuildPhase section */

/* Begin PBXGroup section */
		23EB88E011EA1FB50036F9F1 = {
			isa = PBXGroup;
			children = (
				23C6BF4311EA23EA006177F5 /* AudioToolbox.framework */,
				23C6BF3F11EA23D7006177F5 /* AudioUnit.framework */,
				23250E0311EA22EA00755379 /* Carbon.framework */,
				23250E0111EA22A900755379 /* Tuner.c */,
				23EB88F611EA20820036F9F1 /* Products */,
				23EB88F811EA20820036F9F1 /* Info.plist */,
			);
			sourceTree = "<group>";
		};
		23EB88F611EA20820036F9F1 /* Products */ = {
			isa = PBXGroup;
			children = (
				23EB88F511EA20820036F9F1 /* Tuner.app */,
			);
			name = Products;
			sourceTree = "<group>";
		};
/* End PBXGroup section */

/* Begin PBXNativeTarget section */
		23EB88F411EA20820036F9F1 /* Tuner */ = {
			isa = PBXNativeTarget;
			buildConfigurationList = 23EB88F911EA20830036F9F1 /* Build configuration list for PBXNativeTarget "Tuner" */;
			buildPhases = (
				23EB88F111EA20820036F9F1 /* Resources */,
				23EB88F211EA20820036F9F1 /* Sources */,
				23EB88F311EA20820036F9F1 /* Frameworks */,
			);
			buildRules = (
			);
			dependencies = (
			);
			name = Tuner;
			productName = Tuner;
			productReference = 23EB88F511EA20820036F9F1 /* Tuner.app */;
			productType = "com.apple.product-type.application";
		};
/* End PBXNativeTarget section */

/* Begin PBXProject section */
		23EB88E211EA1FB50036F9F1 /* Project object */ = {
			isa = PBXProject;
			buildConfigurationList = 23EB88E311EA1FB50036F9F1 /* Build configuration list for PBXProject "Tuner" */;
			hasScannedForEncodings = 0;
			mainGroup = 23EB88E011EA1FB50036F9F1;
			productRefGroup = 23EB88F611EA20820036F9F1 /* Products */;
			projectDirPath = "";
			targets = (
				23EB88F411EA20820036F9F1 /* Tuner */,
			);
		};
/* End PBXProject section */

/* Begin PBXResourcesBuildPhase section */
		23EB88F111EA20820036F9F1 /* Resources */ = {
			isa = PBXResourcesBuildPhase;
			buildActionMask = 2147483647;
			files = (
			);
			runOnlyForDeploymentPostprocessing = 0;
		};
/* End PBXResourcesBuildPhase section */

/* Begin PBXSourcesBuildPhase section */
		23EB88F211EA20820036F9F1 /* Sources */ = {
			isa = PBXSourcesBuildPhase;
			buildActionMask = 2147483647;
			files = (
				23250E0211EA22A900755379 /* Tuner.c in Sources */,
			);
			runOnlyForDeploymentPostprocessing = 0;
		};
/* End PBXSourcesBuildPhase section */

/* Begin XCBuildConfiguration section */
		23EB88E411EA1FB50036F9F1 /* Debug */ = {
			isa = XCBuildConfiguration;
			buildSettings = {
				COPY_PHASE_STRIP = NO;
				GCC_C_LANGUAGE_STANDARD = gnu99;
			};
			name = Debug;
		};
		23EB88E511EA1FB50036F9F1 /* Release */ = {
			isa = XCBuildConfiguration;
			buildSettings = {
				COPY_PHASE_STRIP = YES;
				GCC_C_LANGUAGE_STANDARD = gnu99;
			};
			name = Release;
		};
		23EB88FA11EA20830036F9F1 /* Debug */ = {
			isa = XCBuildConfiguration;
			buildSettings = {
				COPY_PHASE_STRIP = NO;
				GCC_DYNAMIC_NO_PIC = NO;
				GCC_ENABLE_FIX_AND_CONTINUE = YES;
				GCC_GENERATE_DEBUGGING_SYMBOLS = YES;
				GCC_MODEL_TUNING = G5;
				GCC_OPTIMIZATION_LEVEL = 0;
				GCC_PRECOMPILE_PREFIX_HEADER = YES;
				GCC_PREFIX_HEADER = "$(SYSTEM_LIBRARY_DIR)/Frameworks/Carbon.framework/Headers/Carbon.h";
				INFOPLIST_FILE = Info.plist;
				INSTALL_PATH = "$(HOME)/Applications";
				OTHER_LDFLAGS = (
					"-framework",
					Carbon,
				);
				PREBINDING = NO;
				PRODUCT_NAME = Tuner;
				WRAPPER_EXTENSION = app;
				ZERO_LINK = YES;
			};
			name = Debug;
		};
		23EB88FB11EA20830036F9F1 /* Release */ = {
			isa = XCBuildConfiguration;
			buildSettings = {
				COPY_PHASE_STRIP = YES;
				GCC_ENABLE_FIX_AND_CONTINUE = NO;
				GCC_GENERATE_DEBUGGING_SYMBOLS = NO;
				GCC_MODEL_TUNING = G5;
				GCC_PRECOMPILE_PREFIX_HEADER = YES;
				GCC_PREFIX_HEADER = "$(SYSTEM_LIBRARY_DIR)/Frameworks/Carbon.framework/Headers/Carbon.h";
				INFOPLIST_FILE = Info.plist;
				INSTALL_PATH = "$(HOME)/Applications";
				OTHER_LDFLAGS = (
					"-framework",
					Carbon,
				);
				PREBINDING = NO;
				PRODUCT_NAME = Tuner;
				WRAPPER_EXTENSION = app;
				ZERO_LINK = NO;
			};
			name = Release;
		};
/* End XCBuildConfiguration section */

/* Begin XCConfigurationList section */
		23EB88E311EA1FB50036F9F1 /* Build configuration list for PBXProject "Tuner" */ = {
			isa = XCConfigurationList;
			buildConfigurations = (
				23EB88E411EA1FB50036F9F1 /* Debug */,
				23EB88E511EA1FB50036F9F1 /* Release */,
			);
			defaultConfigurationIsVisible = 0;
			defaultConfigurationName = Release;
		};
		23EB88F911EA20830036F9F1 /* Build configuration list for PBXNativeTarget "Tuner" */ = {
			isa = XCConfigurationList;
			buildConfigurations = (
				23EB88FA11EA20830036F9F1 /* Debug */,
				23EB88FB11EA20830036F9F1 /* Release */,
			);
			defaultConfigurationIsVisible = 0;
			defaultConfigurationName = Release;
		};
/* End XCConfigurationList section */
	};
	rootObject = 23EB88E211EA1FB50036F9F1 /* Project object */;
}
